# This file was autogenerated by Stack.
# You should not edit this file by hand.
# For more information, please see the documentation at:
#   https://docs.haskellstack.org/en/stable/lock_files

packages:
- completed:
    hackage: bytestring-0.11.2.0@sha256:54b422b695201aaa9f1f5592f83005b11c4d7032a1fbe8b3599610ea9d7270f3,7499
    pantry-tree:
      sha256: 1d47865a907fe934830cc835f626b908882dd4f7d2c3a9e8242ee9c1a2e295e8
      size: 3748
  original:
    hackage: bytestring-0.11.2.0
- completed:
    hackage: binary-0.8.9.2@sha256:03381e511429c44d13990c6d76281c4fc2468371cede4fe684b0c98d9b7d5f5a,6611
    pantry-tree:
      sha256: 7fac13c81b45416bd082c34e31cc3ac19226dd15354f379156922ad4cfbe6285
      size: 1976
  original:
    hackage: binary-0.8.9.2@sha256:03381e511429c44d13990c6d76281c4fc2468371cede4fe684b0c98d9b7d5f5a,6611
- completed:
    hackage: parsec-3.1.18.0@sha256:dfbb9835b8abc966b6bbd34340ef5122227b4cf4480062b85ca4c4704f054f98,4535
    pantry-tree:
      sha256: 48ae1440eb8eb4fecde2a724c492e830ff2bec341117164302399b417733bf70
      size: 2810
  original:
    hackage: parsec-3.1.18.0@sha256:dfbb9835b8abc966b6bbd34340ef5122227b4cf4480062b85ca4c4704f054f98,4535
- completed:
    hackage: text-2.0.2@sha256:71b5fa8c64d3c1fd0a08f993463220867b08290a2256e94b0952bf0e8f5a45cc,9905
    pantry-tree:
      sha256: 25f3b6dd211e30f9e0ef5047bb9f30df7a9296cf1043873e31558196dfe78676
      size: 7514
  original:
    hackage: text-2.0.2@sha256:71b5fa8c64d3c1fd0a08f993463220867b08290a2256e94b0952bf0e8f5a45cc,9905
- completed:
    hackage: mtl-2.3.1@sha256:5377696d7315e2ef31a8d15d67b22d733c20cac2caf8b26756ff8524c8217e6d,1868
    pantry-tree:
      sha256: ac3cf1dc9ef397512d4bf8f2c3fbe4d64fb8aabd253288b34bf86c09ae234d4f
      size: 1853
  original:
    hackage: mtl-2.3.1
snapshots:
- completed:
    sha256: e019cd29e3f7f9dbad500225829a3f7a50f73c674614f2f452e21bb8bf5d99ea
    size: 650253
    url: https://raw.githubusercontent.com/commercialhaskell/stackage-snapshots/master/lts/20/24.yaml
  original: lts-20.24
